# THIS IS AN AUTOGENERATED FILE. DO NOT EDIT THIS FILE DIRECTLY.
# yarn lockfile v1


"sub-package-test@git+https://git@github.com/getElementsByName/sub-package-test.git#master":
  version "1.0.0"
  resolved "git+https://git@github.com/getElementsByName/sub-package-test.git#e6a86c8ee724b6fd8046eff810cf9786ff6b564a"
