# THIS IS AN AUTOGENERATED FILE. DO NOT EDIT THIS FILE DIRECTLY.
# yarn lockfile v1


"sub-package-test@git+https://git@github.com/getElementsByName/sub-package-test.git#master":
  version "1.0.0"
  resolved "git+https://git@github.com/getElementsByName/sub-package-test.git#c5b062264f42c01db1aaae09a57a87c11302cba3"
